// !$*UTF8*$!
{
	archiveVersion = 1;
	classes = {
	};
	objectVersion = 46;
	objects = {
/* Begin PBXBuildFile section */
		00E356F31AD99517003FC87E /* mephistophelesTests.m in Sources */ = {isa = PBXBuildFile; fileRef = 00E356F21AD99517003FC87E /* mephistophelesTests.m */; };
		041D8A3FBD0A4C196F545CD1 /* libPods-mephistopheles-tvOS.a in Frameworks */ = {isa = PBXBuildFile; fileRef = 8186BB7FF92595CB9F5EBE15 /* libPods-mephistopheles-tvOS.a */; };
		060178D8D7CF4D57878A243F /* Oswald-Regular.ttf in Resources */ = {isa = PBXBuildFile; fileRef = 78F416CB6FBC499D802B1B3E /* Oswald-Regular.ttf */; };
		062CDE66C30641EA9247530E /* TexGyreHerosCondensed-Bold.otf in Resources */ = {isa = PBXBuildFile; fileRef = C680EB11275743B3892CB627 /* TexGyreHerosCondensed-Bold.otf */; };
		131A87F07BF24F13B0798CEC /* TexGyreHerosCondensed-Regular.otf in Resources */ = {isa = PBXBuildFile; fileRef = BD5AF4E9F3C74C46BF22AA55 /* TexGyreHerosCondensed-Regular.otf */; };
		13B07FBC1A68108700A75B9A /* AppDelegate.m in Sources */ = {isa = PBXBuildFile; fileRef = 13B07FB01A68108700A75B9A /* AppDelegate.m */; };
		13B07FBD1A68108700A75B9A /* LaunchScreen.xib in Resources */ = {isa = PBXBuildFile; fileRef = 13B07FB11A68108700A75B9A /* LaunchScreen.xib */; };
		13B07FBF1A68108700A75B9A /* Images.xcassets in Resources */ = {isa = PBXBuildFile; fileRef = 13B07FB51A68108700A75B9A /* Images.xcassets */; };
		13B07FC11A68108700A75B9A /* main.m in Sources */ = {isa = PBXBuildFile; fileRef = 13B07FB71A68108700A75B9A /* main.m */; };
		14D40041E5C84DFE0B907C4D /* libPods-mephistophelesTests.a in Frameworks */ = {isa = PBXBuildFile; fileRef = 0FB80C6A8EB66538498A4FD0 /* libPods-mephistophelesTests.a */; };
		197965B86B7D4417BF99A7A0 /* Poppins-ExtraLight.otf in Resources */ = {isa = PBXBuildFile; fileRef = A02E929542FD4DDBB58BBF7C /* Poppins-ExtraLight.otf */; };
		209979AD5CC649A696E321AF /* PlayfairDisplaySC-Black.otf in Resources */ = {isa = PBXBuildFile; fileRef = 5279B0FB08784C97960673E5 /* PlayfairDisplaySC-Black.otf */; };
		2D02E4BC1E0B4A80006451C7 /* AppDelegate.m in Sources */ = {isa = PBXBuildFile; fileRef = 13B07FB01A68108700A75B9A /* AppDelegate.m */; };
		2D02E4BD1E0B4A84006451C7 /* Images.xcassets in Resources */ = {isa = PBXBuildFile; fileRef = 13B07FB51A68108700A75B9A /* Images.xcassets */; };
		2D02E4BF1E0B4AB3006451C7 /* main.m in Sources */ = {isa = PBXBuildFile; fileRef = 13B07FB71A68108700A75B9A /* main.m */; };
		2DCD954D1E0B4F2C00145EB5 /* mephistophelesTests.m in Sources */ = {isa = PBXBuildFile; fileRef = 00E356F21AD99517003FC87E /* mephistophelesTests.m */; };
		3D5FD32789274D2E956A775D /* OstrichSans-Heavy.otf in Resources */ = {isa = PBXBuildFile; fileRef = 262DD80B15274669A0BE2B90 /* OstrichSans-Heavy.otf */; };
		3F6D3CF028EC446BAB5D7441 /* texgyreheros-regular.otf in Resources */ = {isa = PBXBuildFile; fileRef = 1BB24133442A4B638EC34494 /* texgyreheros-regular.otf */; };
		426E5E9DFFBBE3FFA80CE3E5 /* libPods-mephistopheles-tvOSTests.a in Frameworks */ = {isa = PBXBuildFile; fileRef = 867E3A645317C5A440B07CFA /* libPods-mephistopheles-tvOSTests.a */; };
		45179E1CFE1A4013ACACDD57 /* IBMPlexSans-Text.otf in Resources */ = {isa = PBXBuildFile; fileRef = FD9441736D264E7FBAD7F9EE /* IBMPlexSans-Text.otf */; };
		7150D9ABF33B457D9E49D982 /* Aileron-Bold.otf in Resources */ = {isa = PBXBuildFile; fileRef = 405ABF807A7E4C15A96B565F /* Aileron-Bold.otf */; };
		73D2BF93CF5B437591FB6324 /* InriaSans-Regular.otf in Resources */ = {isa = PBXBuildFile; fileRef = 4F24B78166624713AB960DEA /* InriaSans-Regular.otf */; };
		85A9C00948784B1E833B0B87 /* Montserrat-SemiBold.otf in Resources */ = {isa = PBXBuildFile; fileRef = 8182822C997547C486D3EB3B /* Montserrat-SemiBold.otf */; };
		8BA26A4144B2CE4E7BB6B676 /* libPods-mephistopheles.a in Frameworks */ = {isa = PBXBuildFile; fileRef = 2631CCE39C4CAED89CD14C96 /* libPods-mephistopheles.a */; };
		8EAFAF596F564C7FBF5A9081 /* Archivo-Bold.ttf in Resources */ = {isa = PBXBuildFile; fileRef = 5EEC97E308FE420ABB434A0F /* Archivo-Bold.ttf */; };
		8EEAC86E8F1541899D2F9574 /* MontserratAlternates-Light.otf in Resources */ = {isa = PBXBuildFile; fileRef = 1325CCE8DD49478FA2A2177D /* MontserratAlternates-Light.otf */; };
		98E6F134E0A64EA7B770B90D /* Roboto-Regular.ttf in Resources */ = {isa = PBXBuildFile; fileRef = 0F8B84AC20FD4DC89BCEF4F7 /* Roboto-Regular.ttf */; };
		A3346A68E9C34F29962AE1EB /* Aileron-UltraLight.otf in Resources */ = {isa = PBXBuildFile; fileRef = 4C0C0A89EA4B4D4FB6E2CBB6 /* Aileron-UltraLight.otf */; };
		A9AC293342104745ACCEEECB /* Aileron-Thin.otf in Resources */ = {isa = PBXBuildFile; fileRef = 1DDA49FD5D6A47C29BA827D0 /* Aileron-Thin.otf */; };
		AA4AE240CE614809967BB237 /* MontserratAlternates-Regular.otf in Resources */ = {isa = PBXBuildFile; fileRef = D8BCE5B57BB14554A1023D73 /* MontserratAlternates-Regular.otf */; };
		B9A730B9DA004DA88A36FD68 /* Archivo-Medium.ttf in Resources */ = {isa = PBXBuildFile; fileRef = B9216EA2F04A4C1C9D51FEBF /* Archivo-Medium.ttf */; };
		BD2711F7AF1F421E8E6DAB1B /* Aileron-Heavy.otf in Resources */ = {isa = PBXBuildFile; fileRef = 77A99E007D104E009863C430 /* Aileron-Heavy.otf */; };
		BD9313D2CBDF45DD88203BAC /* texgyreheros-italic.otf in Resources */ = {isa = PBXBuildFile; fileRef = 5D88D23DD9F442B0866BB0E6 /* texgyreheros-italic.otf */; };
		C783329120704DE69A6C41EA /* TimesNewRomanPSMT.ttf in Resources */ = {isa = PBXBuildFile; fileRef = 13EE2C16C63045CC957753F7 /* TimesNewRomanPSMT.ttf */; };
		C92D539AA8954EC6B1A22993 /* Archivo-Regular.ttf in Resources */ = {isa = PBXBuildFile; fileRef = 87351E62BC954841B84749D7 /* Archivo-Regular.ttf */; };
		F4290267A26E4D47B84F636B /* CothamSans.otf in Resources */ = {isa = PBXBuildFile; fileRef = 5C673C03355149E4BDCBEAA2 /* CothamSans.otf */; };
		F5FEE265903449FEA3E0E45C /* Ubuntu-Light.ttf in Resources */ = {isa = PBXBuildFile; fileRef = D034D53C1CBB4A06BE2916A9 /* Ubuntu-Light.ttf */; };
		03B9EC2A5BBE44878EADF05B /* AvenirNextCondensed-Regular.ttc in Resources */ = {isa = PBXBuildFile; fileRef = EE15ABF0396144C7A9632397 /* AvenirNextCondensed-Regular.ttc */; };
/* End PBXBuildFile section */

/* Begin PBXContainerItemProxy section */
		00E356F41AD99517003FC87E /* PBXContainerItemProxy */ = {
			isa = PBXContainerItemProxy;
			containerPortal = 83CBB9F71A601CBA00E9B192 /* Project object */;
			proxyType = 1;
			remoteGlobalIDString = 13B07F861A680F5B00A75B9A;
			remoteInfo = mephistopheles;
		};
		2D02E4911E0B4A5D006451C7 /* PBXContainerItemProxy */ = {
			isa = PBXContainerItemProxy;
			containerPortal = 83CBB9F71A601CBA00E9B192 /* Project object */;
			proxyType = 1;
			remoteGlobalIDString = 2D02E47A1E0B4A5D006451C7;
			remoteInfo = "mephistopheles-tvOS";
		};
/* End PBXContainerItemProxy section */

/* Begin PBXFileReference section */
		007F06368DB702D6788591EE /* Pods-mephistopheles-tvOSTests.debug.xcconfig */ = {isa = PBXFileReference; includeInIndex = 1; lastKnownFileType = text.xcconfig; name = "Pods-mephistopheles-tvOSTests.debug.xcconfig"; path = "Target Support Files/Pods-mephistopheles-tvOSTests/Pods-mephistopheles-tvOSTests.debug.xcconfig"; sourceTree = "<group>"; };
		008F07F21AC5B25A0029DE68 /* main.jsbundle */ = {isa = PBXFileReference; fileEncoding = 4; lastKnownFileType = text; path = main.jsbundle; sourceTree = "<group>"; };
		00E356EE1AD99517003FC87E /* mephistophelesTests.xctest */ = {isa = PBXFileReference; explicitFileType = wrapper.cfbundle; includeInIndex = 0; path = mephistophelesTests.xctest; sourceTree = BUILT_PRODUCTS_DIR; };
		00E356F11AD99517003FC87E /* Info.plist */ = {isa = PBXFileReference; lastKnownFileType = text.plist.xml; path = Info.plist; sourceTree = "<group>"; };
		00E356F21AD99517003FC87E /* mephistophelesTests.m */ = {isa = PBXFileReference; lastKnownFileType = sourcecode.c.objc; path = mephistophelesTests.m; sourceTree = "<group>"; };
		0F8B84AC20FD4DC89BCEF4F7 /* Roboto-Regular.ttf */ = {isa = PBXFileReference; explicitFileType = undefined; fileEncoding = 9; includeInIndex = 0; lastKnownFileType = unknown; name = "Roboto-Regular.ttf"; path = "../asset/font/Roboto-Regular.ttf"; sourceTree = "<group>"; };
		0FB80C6A8EB66538498A4FD0 /* libPods-mephistophelesTests.a */ = {isa = PBXFileReference; explicitFileType = archive.ar; includeInIndex = 0; path = "libPods-mephistophelesTests.a"; sourceTree = BUILT_PRODUCTS_DIR; };
		1325CCE8DD49478FA2A2177D /* MontserratAlternates-Light.otf */ = {isa = PBXFileReference; explicitFileType = undefined; fileEncoding = 9; includeInIndex = 0; lastKnownFileType = unknown; name = "MontserratAlternates-Light.otf"; path = "../asset/font/MontserratAlternates-Light.otf"; sourceTree = "<group>"; };
		13B07F961A680F5B00A75B9A /* mephistopheles.app */ = {isa = PBXFileReference; explicitFileType = wrapper.application; includeInIndex = 0; path = mephistopheles.app; sourceTree = BUILT_PRODUCTS_DIR; };
		13B07FAF1A68108700A75B9A /* AppDelegate.h */ = {isa = PBXFileReference; fileEncoding = 4; lastKnownFileType = sourcecode.c.h; name = AppDelegate.h; path = mephistopheles/AppDelegate.h; sourceTree = "<group>"; };
		13B07FB01A68108700A75B9A /* AppDelegate.m */ = {isa = PBXFileReference; fileEncoding = 4; lastKnownFileType = sourcecode.c.objc; name = AppDelegate.m; path = mephistopheles/AppDelegate.m; sourceTree = "<group>"; };
		13B07FB21A68108700A75B9A /* Base */ = {isa = PBXFileReference; lastKnownFileType = file.xib; name = Base; path = Base.lproj/LaunchScreen.xib; sourceTree = "<group>"; };
		13B07FB51A68108700A75B9A /* Images.xcassets */ = {isa = PBXFileReference; lastKnownFileType = folder.assetcatalog; name = Images.xcassets; path = mephistopheles/Images.xcassets; sourceTree = "<group>"; };
		13B07FB61A68108700A75B9A /* Info.plist */ = {isa = PBXFileReference; fileEncoding = 4; lastKnownFileType = text.plist.xml; name = Info.plist; path = mephistopheles/Info.plist; sourceTree = "<group>"; };
		13B07FB71A68108700A75B9A /* main.m */ = {isa = PBXFileReference; fileEncoding = 4; lastKnownFileType = sourcecode.c.objc; name = main.m; path = mephistopheles/main.m; sourceTree = "<group>"; };
		13EE2C16C63045CC957753F7 /* TimesNewRomanPSMT.ttf */ = {isa = PBXFileReference; explicitFileType = undefined; fileEncoding = 9; includeInIndex = 0; lastKnownFileType = unknown; name = TimesNewRomanPSMT.ttf; path = ../asset/font/TimesNewRomanPSMT.ttf; sourceTree = "<group>"; };
		1BB24133442A4B638EC34494 /* texgyreheros-regular.otf */ = {isa = PBXFileReference; explicitFileType = undefined; fileEncoding = 9; includeInIndex = 0; lastKnownFileType = unknown; name = "texgyreheros-regular.otf"; path = "../asset/font/texgyreheros-regular.otf"; sourceTree = "<group>"; };
		1DDA49FD5D6A47C29BA827D0 /* Aileron-Thin.otf */ = {isa = PBXFileReference; explicitFileType = undefined; fileEncoding = 9; includeInIndex = 0; lastKnownFileType = unknown; name = "Aileron-Thin.otf"; path = "../asset/font/Aileron-Thin.otf"; sourceTree = "<group>"; };
		262DD80B15274669A0BE2B90 /* OstrichSans-Heavy.otf */ = {isa = PBXFileReference; explicitFileType = undefined; fileEncoding = 9; includeInIndex = 0; lastKnownFileType = unknown; name = "OstrichSans-Heavy.otf"; path = "../asset/font/OstrichSans-Heavy.otf"; sourceTree = "<group>"; };
		2631CCE39C4CAED89CD14C96 /* libPods-mephistopheles.a */ = {isa = PBXFileReference; explicitFileType = archive.ar; includeInIndex = 0; path = "libPods-mephistopheles.a"; sourceTree = BUILT_PRODUCTS_DIR; };
		2A661B8B25BB606D1EC3B28D /* Pods-mephistopheles-tvOS.debug.xcconfig */ = {isa = PBXFileReference; includeInIndex = 1; lastKnownFileType = text.xcconfig; name = "Pods-mephistopheles-tvOS.debug.xcconfig"; path = "Target Support Files/Pods-mephistopheles-tvOS/Pods-mephistopheles-tvOS.debug.xcconfig"; sourceTree = "<group>"; };
		2D02E47B1E0B4A5D006451C7 /* mephistopheles-tvOS.app */ = {isa = PBXFileReference; explicitFileType = wrapper.application; includeInIndex = 0; path = "mephistopheles-tvOS.app"; sourceTree = BUILT_PRODUCTS_DIR; };
		2D02E4901E0B4A5D006451C7 /* mephistopheles-tvOSTests.xctest */ = {isa = PBXFileReference; explicitFileType = wrapper.cfbundle; includeInIndex = 0; path = "mephistopheles-tvOSTests.xctest"; sourceTree = BUILT_PRODUCTS_DIR; };
		405ABF807A7E4C15A96B565F /* Aileron-Bold.otf */ = {isa = PBXFileReference; explicitFileType = undefined; fileEncoding = 9; includeInIndex = 0; lastKnownFileType = unknown; name = "Aileron-Bold.otf"; path = "../asset/font/Aileron-Bold.otf"; sourceTree = "<group>"; };
		4C0C0A89EA4B4D4FB6E2CBB6 /* Aileron-UltraLight.otf */ = {isa = PBXFileReference; explicitFileType = undefined; fileEncoding = 9; includeInIndex = 0; lastKnownFileType = unknown; name = "Aileron-UltraLight.otf"; path = "../asset/font/Aileron-UltraLight.otf"; sourceTree = "<group>"; };
		4F24B78166624713AB960DEA /* InriaSans-Regular.otf */ = {isa = PBXFileReference; explicitFileType = undefined; fileEncoding = 9; includeInIndex = 0; lastKnownFileType = unknown; name = "InriaSans-Regular.otf"; path = "../asset/font/InriaSans-Regular.otf"; sourceTree = "<group>"; };
		5279B0FB08784C97960673E5 /* PlayfairDisplaySC-Black.otf */ = {isa = PBXFileReference; explicitFileType = undefined; fileEncoding = 9; includeInIndex = 0; lastKnownFileType = unknown; name = "PlayfairDisplaySC-Black.otf"; path = "../asset/font/PlayfairDisplaySC-Black.otf"; sourceTree = "<group>"; };
		5C673C03355149E4BDCBEAA2 /* CothamSans.otf */ = {isa = PBXFileReference; explicitFileType = undefined; fileEncoding = 9; includeInIndex = 0; lastKnownFileType = unknown; name = CothamSans.otf; path = ../asset/font/CothamSans.otf; sourceTree = "<group>"; };
		5D88D23DD9F442B0866BB0E6 /* texgyreheros-italic.otf */ = {isa = PBXFileReference; explicitFileType = undefined; fileEncoding = 9; includeInIndex = 0; lastKnownFileType = unknown; name = "texgyreheros-italic.otf"; path = "../asset/font/texgyreheros-italic.otf"; sourceTree = "<group>"; };
		5EEC97E308FE420ABB434A0F /* Archivo-Bold.ttf */ = {isa = PBXFileReference; explicitFileType = undefined; fileEncoding = 9; includeInIndex = 0; lastKnownFileType = unknown; name = "Archivo-Bold.ttf"; path = "../asset/font/Archivo-Bold.ttf"; sourceTree = "<group>"; };
		72D95C545CB3F2E92A6BAC27 /* Pods-mephistopheles-tvOSTests.release.xcconfig */ = {isa = PBXFileReference; includeInIndex = 1; lastKnownFileType = text.xcconfig; name = "Pods-mephistopheles-tvOSTests.release.xcconfig"; path = "Target Support Files/Pods-mephistopheles-tvOSTests/Pods-mephistopheles-tvOSTests.release.xcconfig"; sourceTree = "<group>"; };
		77A99E007D104E009863C430 /* Aileron-Heavy.otf */ = {isa = PBXFileReference; explicitFileType = undefined; fileEncoding = 9; includeInIndex = 0; lastKnownFileType = unknown; name = "Aileron-Heavy.otf"; path = "../asset/font/Aileron-Heavy.otf"; sourceTree = "<group>"; };
		78F416CB6FBC499D802B1B3E /* Oswald-Regular.ttf */ = {isa = PBXFileReference; explicitFileType = undefined; fileEncoding = 9; includeInIndex = 0; lastKnownFileType = unknown; name = "Oswald-Regular.ttf"; path = "../asset/font/Oswald-Regular.ttf"; sourceTree = "<group>"; };
		8182822C997547C486D3EB3B /* Montserrat-SemiBold.otf */ = {isa = PBXFileReference; explicitFileType = undefined; fileEncoding = 9; includeInIndex = 0; lastKnownFileType = unknown; name = "Montserrat-SemiBold.otf"; path = "../asset/font/Montserrat-SemiBold.otf"; sourceTree = "<group>"; };
		8186BB7FF92595CB9F5EBE15 /* libPods-mephistopheles-tvOS.a */ = {isa = PBXFileReference; explicitFileType = archive.ar; includeInIndex = 0; path = "libPods-mephistopheles-tvOS.a"; sourceTree = BUILT_PRODUCTS_DIR; };
		867E3A645317C5A440B07CFA /* libPods-mephistopheles-tvOSTests.a */ = {isa = PBXFileReference; explicitFileType = archive.ar; includeInIndex = 0; path = "libPods-mephistopheles-tvOSTests.a"; sourceTree = BUILT_PRODUCTS_DIR; };
		87351E62BC954841B84749D7 /* Archivo-Regular.ttf */ = {isa = PBXFileReference; explicitFileType = undefined; fileEncoding = 9; includeInIndex = 0; lastKnownFileType = unknown; name = "Archivo-Regular.ttf"; path = "../asset/font/Archivo-Regular.ttf"; sourceTree = "<group>"; };
		8BA96478F06932804F50868A /* Pods-mephistopheles.release.xcconfig */ = {isa = PBXFileReference; includeInIndex = 1; lastKnownFileType = text.xcconfig; name = "Pods-mephistopheles.release.xcconfig"; path = "Target Support Files/Pods-mephistopheles/Pods-mephistopheles.release.xcconfig"; sourceTree = "<group>"; };
		9887D93557CE304C194AE914 /* Pods-mephistopheles-tvOS.release.xcconfig */ = {isa = PBXFileReference; includeInIndex = 1; lastKnownFileType = text.xcconfig; name = "Pods-mephistopheles-tvOS.release.xcconfig"; path = "Target Support Files/Pods-mephistopheles-tvOS/Pods-mephistopheles-tvOS.release.xcconfig"; sourceTree = "<group>"; };
		A02E929542FD4DDBB58BBF7C /* Poppins-ExtraLight.otf */ = {isa = PBXFileReference; explicitFileType = undefined; fileEncoding = 9; includeInIndex = 0; lastKnownFileType = unknown; name = "Poppins-ExtraLight.otf"; path = "../asset/font/Poppins-ExtraLight.otf"; sourceTree = "<group>"; };
		AA18F853F497DCB0744F3365 /* Pods-mephistopheles.debug.xcconfig */ = {isa = PBXFileReference; includeInIndex = 1; lastKnownFileType = text.xcconfig; name = "Pods-mephistopheles.debug.xcconfig"; path = "Target Support Files/Pods-mephistopheles/Pods-mephistopheles.debug.xcconfig"; sourceTree = "<group>"; };
		AC0CEF90516A379963BDFCED /* Pods-mephistophelesTests.debug.xcconfig */ = {isa = PBXFileReference; includeInIndex = 1; lastKnownFileType = text.xcconfig; name = "Pods-mephistophelesTests.debug.xcconfig"; path = "Target Support Files/Pods-mephistophelesTests/Pods-mephistophelesTests.debug.xcconfig"; sourceTree = "<group>"; };
		B9216EA2F04A4C1C9D51FEBF /* Archivo-Medium.ttf */ = {isa = PBXFileReference; explicitFileType = undefined; fileEncoding = 9; includeInIndex = 0; lastKnownFileType = unknown; name = "Archivo-Medium.ttf"; path = "../asset/font/Archivo-Medium.ttf"; sourceTree = "<group>"; };
		BD5AF4E9F3C74C46BF22AA55 /* TexGyreHerosCondensed-Regular.otf */ = {isa = PBXFileReference; explicitFileType = undefined; fileEncoding = 9; includeInIndex = 0; lastKnownFileType = unknown; name = "TexGyreHerosCondensed-Regular.otf"; path = "../asset/font/TexGyreHerosCondensed-Regular.otf"; sourceTree = "<group>"; };
		C680EB11275743B3892CB627 /* TexGyreHerosCondensed-Bold.otf */ = {isa = PBXFileReference; explicitFileType = undefined; fileEncoding = 9; includeInIndex = 0; lastKnownFileType = unknown; name = "TexGyreHerosCondensed-Bold.otf"; path = "../asset/font/TexGyreHerosCondensed-Bold.otf"; sourceTree = "<group>"; };
		D034D53C1CBB4A06BE2916A9 /* Ubuntu-Light.ttf */ = {isa = PBXFileReference; explicitFileType = undefined; fileEncoding = 9; includeInIndex = 0; lastKnownFileType = unknown; name = "Ubuntu-Light.ttf"; path = "../asset/font/Ubuntu-Light.ttf"; sourceTree = "<group>"; };
		D8BCE5B57BB14554A1023D73 /* MontserratAlternates-Regular.otf */ = {isa = PBXFileReference; explicitFileType = undefined; fileEncoding = 9; includeInIndex = 0; lastKnownFileType = unknown; name = "MontserratAlternates-Regular.otf"; path = "../asset/font/MontserratAlternates-Regular.otf"; sourceTree = "<group>"; };
		ED297162215061F000B7C4FE /* JavaScriptCore.framework */ = {isa = PBXFileReference; lastKnownFileType = wrapper.framework; name = JavaScriptCore.framework; path = System/Library/Frameworks/JavaScriptCore.framework; sourceTree = SDKROOT; };
		ED2971642150620600B7C4FE /* JavaScriptCore.framework */ = {isa = PBXFileReference; lastKnownFileType = wrapper.framework; name = JavaScriptCore.framework; path = Platforms/AppleTVOS.platform/Developer/SDKs/AppleTVOS12.0.sdk/System/Library/Frameworks/JavaScriptCore.framework; sourceTree = DEVELOPER_DIR; };
		FD9441736D264E7FBAD7F9EE /* IBMPlexSans-Text.otf */ = {isa = PBXFileReference; explicitFileType = undefined; fileEncoding = 9; includeInIndex = 0; lastKnownFileType = unknown; name = "IBMPlexSans-Text.otf"; path = "../asset/font/IBMPlexSans-Text.otf"; sourceTree = "<group>"; };
		FF982CB45CE5724E94D489A5 /* Pods-mephistophelesTests.release.xcconfig */ = {isa = PBXFileReference; includeInIndex = 1; lastKnownFileType = text.xcconfig; name = "Pods-mephistophelesTests.release.xcconfig"; path = "Target Support Files/Pods-mephistophelesTests/Pods-mephistophelesTests.release.xcconfig"; sourceTree = "<group>"; };
		EE15ABF0396144C7A9632397 /* AvenirNextCondensed-Regular.ttc */ = {isa = PBXFileReference; name = "AvenirNextCondensed-Regular.ttc"; path = "../node_modules/diablo/asset/font/AvenirNextCondensed-Regular.ttc"; sourceTree = "<group>"; fileEncoding = undefined; lastKnownFileType = unknown; explicitFileType = undefined; includeInIndex = 0; };
/* End PBXFileReference section */

/* Begin PBXFrameworksBuildPhase section */
		00E356EB1AD99517003FC87E /* Frameworks */ = {
			isa = PBXFrameworksBuildPhase;
			buildActionMask = 2147483647;
			files = (
				14D40041E5C84DFE0B907C4D /* libPods-mephistophelesTests.a in Frameworks */,
			);
			runOnlyForDeploymentPostprocessing = 0;
		};
		13B07F8C1A680F5B00A75B9A /* Frameworks */ = {
			isa = PBXFrameworksBuildPhase;
			buildActionMask = 2147483647;
			files = (
				8BA26A4144B2CE4E7BB6B676 /* libPods-mephistopheles.a in Frameworks */,
			);
			runOnlyForDeploymentPostprocessing = 0;
		};
		2D02E4781E0B4A5D006451C7 /* Frameworks */ = {
			isa = PBXFrameworksBuildPhase;
			buildActionMask = 2147483647;
			files = (
				041D8A3FBD0A4C196F545CD1 /* libPods-mephistopheles-tvOS.a in Frameworks */,
			);
			runOnlyForDeploymentPostprocessing = 0;
		};
		2D02E48D1E0B4A5D006451C7 /* Frameworks */ = {
			isa = PBXFrameworksBuildPhase;
			buildActionMask = 2147483647;
			files = (
				426E5E9DFFBBE3FFA80CE3E5 /* libPods-mephistopheles-tvOSTests.a in Frameworks */,
			);
			runOnlyForDeploymentPostprocessing = 0;
		};
/* End PBXFrameworksBuildPhase section */

/* Begin PBXGroup section */
		00E356EF1AD99517003FC87E /* mephistophelesTests */ = {
			isa = PBXGroup;
			children = (
				00E356F21AD99517003FC87E /* mephistophelesTests.m */,
				00E356F01AD99517003FC87E /* Supporting Files */,
			);
			path = mephistophelesTests;
			sourceTree = "<group>";
		};
		00E356F01AD99517003FC87E /* Supporting Files */ = {
			isa = PBXGroup;
			children = (
				00E356F11AD99517003FC87E /* Info.plist */,
			);
			name = "Supporting Files";
			sourceTree = "<group>";
		};
		07EEA4A325340C3C535FBED8 /* Pods */ = {
			isa = PBXGroup;
			children = (
				AA18F853F497DCB0744F3365 /* Pods-mephistopheles.debug.xcconfig */,
				8BA96478F06932804F50868A /* Pods-mephistopheles.release.xcconfig */,
				2A661B8B25BB606D1EC3B28D /* Pods-mephistopheles-tvOS.debug.xcconfig */,
				9887D93557CE304C194AE914 /* Pods-mephistopheles-tvOS.release.xcconfig */,
				007F06368DB702D6788591EE /* Pods-mephistopheles-tvOSTests.debug.xcconfig */,
				72D95C545CB3F2E92A6BAC27 /* Pods-mephistopheles-tvOSTests.release.xcconfig */,
				AC0CEF90516A379963BDFCED /* Pods-mephistophelesTests.debug.xcconfig */,
				FF982CB45CE5724E94D489A5 /* Pods-mephistophelesTests.release.xcconfig */,
			);
			path = Pods;
			sourceTree = "<group>";
		};
		13B07FAE1A68108700A75B9A /* mephistopheles */ = {
			isa = PBXGroup;
			children = (
				008F07F21AC5B25A0029DE68 /* main.jsbundle */,
				13B07FAF1A68108700A75B9A /* AppDelegate.h */,
				13B07FB01A68108700A75B9A /* AppDelegate.m */,
				13B07FB51A68108700A75B9A /* Images.xcassets */,
				13B07FB61A68108700A75B9A /* Info.plist */,
				13B07FB11A68108700A75B9A /* LaunchScreen.xib */,
				13B07FB71A68108700A75B9A /* main.m */,
			);
			name = mephistopheles;
			sourceTree = "<group>";
		};
		2D16E6871FA4F8E400B85C8A /* Frameworks */ = {
			isa = PBXGroup;
			children = (
				ED297162215061F000B7C4FE /* JavaScriptCore.framework */,
				ED2971642150620600B7C4FE /* JavaScriptCore.framework */,
				2631CCE39C4CAED89CD14C96 /* libPods-mephistopheles.a */,
				8186BB7FF92595CB9F5EBE15 /* libPods-mephistopheles-tvOS.a */,
				867E3A645317C5A440B07CFA /* libPods-mephistopheles-tvOSTests.a */,
				0FB80C6A8EB66538498A4FD0 /* libPods-mephistophelesTests.a */,
			);
			name = Frameworks;
			sourceTree = "<group>";
		};
		832341AE1AAA6A7D00B99B32 /* Libraries */ = {
			isa = PBXGroup;
			children = (
			);
			name = Libraries;
			sourceTree = "<group>";
		};
		83CBB9F61A601CBA00E9B192 = {
			isa = PBXGroup;
			children = (
				13B07FAE1A68108700A75B9A /* mephistopheles */,
				832341AE1AAA6A7D00B99B32 /* Libraries */,
				00E356EF1AD99517003FC87E /* mephistophelesTests */,
				83CBBA001A601CBA00E9B192 /* Products */,
				2D16E6871FA4F8E400B85C8A /* Frameworks */,
				07EEA4A325340C3C535FBED8 /* Pods */,
				F5ABAF3FEA6F4950A5AC5402 /* Resources */,
			);
			indentWidth = 2;
			sourceTree = "<group>";
			tabWidth = 2;
			usesTabs = 0;
		};
		83CBBA001A601CBA00E9B192 /* Products */ = {
			isa = PBXGroup;
			children = (
				13B07F961A680F5B00A75B9A /* mephistopheles.app */,
				00E356EE1AD99517003FC87E /* mephistophelesTests.xctest */,
				2D02E47B1E0B4A5D006451C7 /* mephistopheles-tvOS.app */,
				2D02E4901E0B4A5D006451C7 /* mephistopheles-tvOSTests.xctest */,
			);
			name = Products;
			sourceTree = "<group>";
		};
		F5ABAF3FEA6F4950A5AC5402 /* Resources */ = {
			isa = PBXGroup;
			children = (
				405ABF807A7E4C15A96B565F /* Aileron-Bold.otf */,
				77A99E007D104E009863C430 /* Aileron-Heavy.otf */,
				1DDA49FD5D6A47C29BA827D0 /* Aileron-Thin.otf */,
				4C0C0A89EA4B4D4FB6E2CBB6 /* Aileron-UltraLight.otf */,
				5EEC97E308FE420ABB434A0F /* Archivo-Bold.ttf */,
				B9216EA2F04A4C1C9D51FEBF /* Archivo-Medium.ttf */,
				87351E62BC954841B84749D7 /* Archivo-Regular.ttf */,
				5C673C03355149E4BDCBEAA2 /* CothamSans.otf */,
				FD9441736D264E7FBAD7F9EE /* IBMPlexSans-Text.otf */,
				4F24B78166624713AB960DEA /* InriaSans-Regular.otf */,
				8182822C997547C486D3EB3B /* Montserrat-SemiBold.otf */,
				1325CCE8DD49478FA2A2177D /* MontserratAlternates-Light.otf */,
				D8BCE5B57BB14554A1023D73 /* MontserratAlternates-Regular.otf */,
				262DD80B15274669A0BE2B90 /* OstrichSans-Heavy.otf */,
				78F416CB6FBC499D802B1B3E /* Oswald-Regular.ttf */,
				5279B0FB08784C97960673E5 /* PlayfairDisplaySC-Black.otf */,
				A02E929542FD4DDBB58BBF7C /* Poppins-ExtraLight.otf */,
				0F8B84AC20FD4DC89BCEF4F7 /* Roboto-Regular.ttf */,
				5D88D23DD9F442B0866BB0E6 /* texgyreheros-italic.otf */,
				1BB24133442A4B638EC34494 /* texgyreheros-regular.otf */,
				C680EB11275743B3892CB627 /* TexGyreHerosCondensed-Bold.otf */,
				BD5AF4E9F3C74C46BF22AA55 /* TexGyreHerosCondensed-Regular.otf */,
				13EE2C16C63045CC957753F7 /* TimesNewRomanPSMT.ttf */,
				D034D53C1CBB4A06BE2916A9 /* Ubuntu-Light.ttf */,
				EE15ABF0396144C7A9632397 /* AvenirNextCondensed-Regular.ttc */,
			);
			name = Resources;
			sourceTree = "<group>";
		};
/* End PBXGroup section */

/* Begin PBXNativeTarget section */
		00E356ED1AD99517003FC87E /* mephistophelesTests */ = {
			isa = PBXNativeTarget;
			buildConfigurationList = 00E357021AD99517003FC87E /* Build configuration list for PBXNativeTarget "mephistophelesTests" */;
			buildPhases = (
				919A4FF694BC714554974700 /* [CP] Check Pods Manifest.lock */,
				00E356EA1AD99517003FC87E /* Sources */,
				00E356EB1AD99517003FC87E /* Frameworks */,
				00E356EC1AD99517003FC87E /* Resources */,
			);
			buildRules = (
			);
			dependencies = (
				00E356F51AD99517003FC87E /* PBXTargetDependency */,
			);
			name = mephistophelesTests;
			productName = mephistophelesTests;
			productReference = 00E356EE1AD99517003FC87E /* mephistophelesTests.xctest */;
			productType = "com.apple.product-type.bundle.unit-test";
		};
		13B07F861A680F5B00A75B9A /* mephistopheles */ = {
			isa = PBXNativeTarget;
			buildConfigurationList = 13B07F931A680F5B00A75B9A /* Build configuration list for PBXNativeTarget "mephistopheles" */;
			buildPhases = (
				162AACFFC339D1DBEC8A0C78 /* [CP] Check Pods Manifest.lock */,
				FD10A7F022414F080027D42C /* Start Packager */,
				13B07F871A680F5B00A75B9A /* Sources */,
				13B07F8C1A680F5B00A75B9A /* Frameworks */,
				13B07F8E1A680F5B00A75B9A /* Resources */,
				00DD1BFF1BD5951E006B06BC /* Bundle React Native code and images */,
			);
			buildRules = (
			);
			dependencies = (
			);
			name = mephistopheles;
			productName = mephistopheles;
			productReference = 13B07F961A680F5B00A75B9A /* mephistopheles.app */;
			productType = "com.apple.product-type.application";
		};
		2D02E47A1E0B4A5D006451C7 /* mephistopheles-tvOS */ = {
			isa = PBXNativeTarget;
			buildConfigurationList = 2D02E4BA1E0B4A5E006451C7 /* Build configuration list for PBXNativeTarget "mephistopheles-tvOS" */;
			buildPhases = (
				80A47A6CA530C8C5AA8B1608 /* [CP] Check Pods Manifest.lock */,
				FD10A7F122414F3F0027D42C /* Start Packager */,
				2D02E4771E0B4A5D006451C7 /* Sources */,
				2D02E4781E0B4A5D006451C7 /* Frameworks */,
				2D02E4791E0B4A5D006451C7 /* Resources */,
				2D02E4CB1E0B4B27006451C7 /* Bundle React Native Code And Images */,
			);
			buildRules = (
			);
			dependencies = (
			);
			name = "mephistopheles-tvOS";
			productName = "mephistopheles-tvOS";
			productReference = 2D02E47B1E0B4A5D006451C7 /* mephistopheles-tvOS.app */;
			productType = "com.apple.product-type.application";
		};
		2D02E48F1E0B4A5D006451C7 /* mephistopheles-tvOSTests */ = {
			isa = PBXNativeTarget;
			buildConfigurationList = 2D02E4BB1E0B4A5E006451C7 /* Build configuration list for PBXNativeTarget "mephistopheles-tvOSTests" */;
			buildPhases = (
				90EA6D48ECB160F57600AF36 /* [CP] Check Pods Manifest.lock */,
				2D02E48C1E0B4A5D006451C7 /* Sources */,
				2D02E48D1E0B4A5D006451C7 /* Frameworks */,
				2D02E48E1E0B4A5D006451C7 /* Resources */,
			);
			buildRules = (
			);
			dependencies = (
				2D02E4921E0B4A5D006451C7 /* PBXTargetDependency */,
			);
			name = "mephistopheles-tvOSTests";
			productName = "mephistopheles-tvOSTests";
			productReference = 2D02E4901E0B4A5D006451C7 /* mephistopheles-tvOSTests.xctest */;
			productType = "com.apple.product-type.bundle.unit-test";
		};
/* End PBXNativeTarget section */

/* Begin PBXProject section */
		83CBB9F71A601CBA00E9B192 /* Project object */ = {
			isa = PBXProject;
			attributes = {
				LastUpgradeCheck = 940;
				ORGANIZATIONNAME = Facebook;
				TargetAttributes = {
					00E356ED1AD99517003FC87E = {
						CreatedOnToolsVersion = 6.2;
						TestTargetID = 13B07F861A680F5B00A75B9A;
					};
					13B07F861A680F5B00A75B9A = {
						DevelopmentTeam = 3XPPAMF6K7;
					};
					2D02E47A1E0B4A5D006451C7 = {
						CreatedOnToolsVersion = 8.2.1;
						ProvisioningStyle = Automatic;
					};
					2D02E48F1E0B4A5D006451C7 = {
						CreatedOnToolsVersion = 8.2.1;
						ProvisioningStyle = Automatic;
						TestTargetID = 2D02E47A1E0B4A5D006451C7;
					};
				};
			};
			buildConfigurationList = 83CBB9FA1A601CBA00E9B192 /* Build configuration list for PBXProject "mephistopheles" */;
			compatibilityVersion = "Xcode 3.2";
			developmentRegion = English;
			hasScannedForEncodings = 0;
			knownRegions = (
				English,
				en,
				Base,
			);
			mainGroup = 83CBB9F61A601CBA00E9B192;
			productRefGroup = 83CBBA001A601CBA00E9B192 /* Products */;
			projectDirPath = "";
			projectRoot = "";
			targets = (
				13B07F861A680F5B00A75B9A /* mephistopheles */,
				00E356ED1AD99517003FC87E /* mephistophelesTests */,
				2D02E47A1E0B4A5D006451C7 /* mephistopheles-tvOS */,
				2D02E48F1E0B4A5D006451C7 /* mephistopheles-tvOSTests */,
			);
		};
/* End PBXProject section */

/* Begin PBXResourcesBuildPhase section */
		00E356EC1AD99517003FC87E /* Resources */ = {
			isa = PBXResourcesBuildPhase;
			buildActionMask = 2147483647;
			files = (
			);
			runOnlyForDeploymentPostprocessing = 0;
		};
		13B07F8E1A680F5B00A75B9A /* Resources */ = {
			isa = PBXResourcesBuildPhase;
			buildActionMask = 2147483647;
			files = (
				13B07FBF1A68108700A75B9A /* Images.xcassets in Resources */,
				13B07FBD1A68108700A75B9A /* LaunchScreen.xib in Resources */,
				7150D9ABF33B457D9E49D982 /* Aileron-Bold.otf in Resources */,
				BD2711F7AF1F421E8E6DAB1B /* Aileron-Heavy.otf in Resources */,
				A9AC293342104745ACCEEECB /* Aileron-Thin.otf in Resources */,
				A3346A68E9C34F29962AE1EB /* Aileron-UltraLight.otf in Resources */,
				8EAFAF596F564C7FBF5A9081 /* Archivo-Bold.ttf in Resources */,
				B9A730B9DA004DA88A36FD68 /* Archivo-Medium.ttf in Resources */,
				C92D539AA8954EC6B1A22993 /* Archivo-Regular.ttf in Resources */,
				F4290267A26E4D47B84F636B /* CothamSans.otf in Resources */,
				45179E1CFE1A4013ACACDD57 /* IBMPlexSans-Text.otf in Resources */,
				73D2BF93CF5B437591FB6324 /* InriaSans-Regular.otf in Resources */,
				85A9C00948784B1E833B0B87 /* Montserrat-SemiBold.otf in Resources */,
				8EEAC86E8F1541899D2F9574 /* MontserratAlternates-Light.otf in Resources */,
				AA4AE240CE614809967BB237 /* MontserratAlternates-Regular.otf in Resources */,
				3D5FD32789274D2E956A775D /* OstrichSans-Heavy.otf in Resources */,
				060178D8D7CF4D57878A243F /* Oswald-Regular.ttf in Resources */,
				209979AD5CC649A696E321AF /* PlayfairDisplaySC-Black.otf in Resources */,
				197965B86B7D4417BF99A7A0 /* Poppins-ExtraLight.otf in Resources */,
				98E6F134E0A64EA7B770B90D /* Roboto-Regular.ttf in Resources */,
				BD9313D2CBDF45DD88203BAC /* texgyreheros-italic.otf in Resources */,
				3F6D3CF028EC446BAB5D7441 /* texgyreheros-regular.otf in Resources */,
				062CDE66C30641EA9247530E /* TexGyreHerosCondensed-Bold.otf in Resources */,
				131A87F07BF24F13B0798CEC /* TexGyreHerosCondensed-Regular.otf in Resources */,
				C783329120704DE69A6C41EA /* TimesNewRomanPSMT.ttf in Resources */,
				F5FEE265903449FEA3E0E45C /* Ubuntu-Light.ttf in Resources */,
				03B9EC2A5BBE44878EADF05B /* AvenirNextCondensed-Regular.ttc in Resources */,
			);
			runOnlyForDeploymentPostprocessing = 0;
		};
		2D02E4791E0B4A5D006451C7 /* Resources */ = {
			isa = PBXResourcesBuildPhase;
			buildActionMask = 2147483647;
			files = (
				2D02E4BD1E0B4A84006451C7 /* Images.xcassets in Resources */,
			);
			runOnlyForDeploymentPostprocessing = 0;
		};
		2D02E48E1E0B4A5D006451C7 /* Resources */ = {
			isa = PBXResourcesBuildPhase;
			buildActionMask = 2147483647;
			files = (
			);
			runOnlyForDeploymentPostprocessing = 0;
		};
/* End PBXResourcesBuildPhase section */

/* Begin PBXShellScriptBuildPhase section */
		00DD1BFF1BD5951E006B06BC /* Bundle React Native code and images */ = {
			isa = PBXShellScriptBuildPhase;
			buildActionMask = 2147483647;
			files = (
			);
			inputPaths = (
			);
			name = "Bundle React Native code and images";
			outputPaths = (
			);
			runOnlyForDeploymentPostprocessing = 0;
			shellPath = /bin/sh;
			shellScript = "export NODE_BINARY=node\n../node_modules/react-native/scripts/react-native-xcode.sh";
		};
		162AACFFC339D1DBEC8A0C78 /* [CP] Check Pods Manifest.lock */ = {
			isa = PBXShellScriptBuildPhase;
			buildActionMask = 2147483647;
			files = (
			);
			inputFileListPaths = (
			);
			inputPaths = (
				"${PODS_PODFILE_DIR_PATH}/Podfile.lock",
				"${PODS_ROOT}/Manifest.lock",
			);
			name = "[CP] Check Pods Manifest.lock";
			outputFileListPaths = (
			);
			outputPaths = (
				"$(DERIVED_FILE_DIR)/Pods-mephistopheles-checkManifestLockResult.txt",
			);
			runOnlyForDeploymentPostprocessing = 0;
			shellPath = /bin/sh;
			shellScript = "diff \"${PODS_PODFILE_DIR_PATH}/Podfile.lock\" \"${PODS_ROOT}/Manifest.lock\" > /dev/null\nif [ $? != 0 ] ; then\n    # print error to STDERR\n    echo \"error: The sandbox is not in sync with the Podfile.lock. Run 'pod install' or update your CocoaPods installation.\" >&2\n    exit 1\nfi\n# This output is used by Xcode 'outputs' to avoid re-running this script phase.\necho \"SUCCESS\" > \"${SCRIPT_OUTPUT_FILE_0}\"\n";
			showEnvVarsInLog = 0;
		};
		2D02E4CB1E0B4B27006451C7 /* Bundle React Native Code And Images */ = {
			isa = PBXShellScriptBuildPhase;
			buildActionMask = 2147483647;
			files = (
			);
			inputPaths = (
			);
			name = "Bundle React Native Code And Images";
			outputPaths = (
			);
			runOnlyForDeploymentPostprocessing = 0;
			shellPath = /bin/sh;
			shellScript = "export NODE_BINARY=node\n../node_modules/react-native/scripts/react-native-xcode.sh";
		};
		80A47A6CA530C8C5AA8B1608 /* [CP] Check Pods Manifest.lock */ = {
			isa = PBXShellScriptBuildPhase;
			buildActionMask = 2147483647;
			files = (
			);
			inputFileListPaths = (
			);
			inputPaths = (
				"${PODS_PODFILE_DIR_PATH}/Podfile.lock",
				"${PODS_ROOT}/Manifest.lock",
			);
			name = "[CP] Check Pods Manifest.lock";
			outputFileListPaths = (
			);
			outputPaths = (
				"$(DERIVED_FILE_DIR)/Pods-mephistopheles-tvOS-checkManifestLockResult.txt",
			);
			runOnlyForDeploymentPostprocessing = 0;
			shellPath = /bin/sh;
			shellScript = "diff \"${PODS_PODFILE_DIR_PATH}/Podfile.lock\" \"${PODS_ROOT}/Manifest.lock\" > /dev/null\nif [ $? != 0 ] ; then\n    # print error to STDERR\n    echo \"error: The sandbox is not in sync with the Podfile.lock. Run 'pod install' or update your CocoaPods installation.\" >&2\n    exit 1\nfi\n# This output is used by Xcode 'outputs' to avoid re-running this script phase.\necho \"SUCCESS\" > \"${SCRIPT_OUTPUT_FILE_0}\"\n";
			showEnvVarsInLog = 0;
		};
		90EA6D48ECB160F57600AF36 /* [CP] Check Pods Manifest.lock */ = {
			isa = PBXShellScriptBuildPhase;
			buildActionMask = 2147483647;
			files = (
			);
			inputFileListPaths = (
			);
			inputPaths = (
				"${PODS_PODFILE_DIR_PATH}/Podfile.lock",
				"${PODS_ROOT}/Manifest.lock",
			);
			name = "[CP] Check Pods Manifest.lock";
			outputFileListPaths = (
			);
			outputPaths = (
				"$(DERIVED_FILE_DIR)/Pods-mephistopheles-tvOSTests-checkManifestLockResult.txt",
			);
			runOnlyForDeploymentPostprocessing = 0;
			shellPath = /bin/sh;
			shellScript = "diff \"${PODS_PODFILE_DIR_PATH}/Podfile.lock\" \"${PODS_ROOT}/Manifest.lock\" > /dev/null\nif [ $? != 0 ] ; then\n    # print error to STDERR\n    echo \"error: The sandbox is not in sync with the Podfile.lock. Run 'pod install' or update your CocoaPods installation.\" >&2\n    exit 1\nfi\n# This output is used by Xcode 'outputs' to avoid re-running this script phase.\necho \"SUCCESS\" > \"${SCRIPT_OUTPUT_FILE_0}\"\n";
			showEnvVarsInLog = 0;
		};
		919A4FF694BC714554974700 /* [CP] Check Pods Manifest.lock */ = {
			isa = PBXShellScriptBuildPhase;
			buildActionMask = 2147483647;
			files = (
			);
			inputFileListPaths = (
			);
			inputPaths = (
				"${PODS_PODFILE_DIR_PATH}/Podfile.lock",
				"${PODS_ROOT}/Manifest.lock",
			);
			name = "[CP] Check Pods Manifest.lock";
			outputFileListPaths = (
			);
			outputPaths = (
				"$(DERIVED_FILE_DIR)/Pods-mephistophelesTests-checkManifestLockResult.txt",
			);
			runOnlyForDeploymentPostprocessing = 0;
			shellPath = /bin/sh;
			shellScript = "diff \"${PODS_PODFILE_DIR_PATH}/Podfile.lock\" \"${PODS_ROOT}/Manifest.lock\" > /dev/null\nif [ $? != 0 ] ; then\n    # print error to STDERR\n    echo \"error: The sandbox is not in sync with the Podfile.lock. Run 'pod install' or update your CocoaPods installation.\" >&2\n    exit 1\nfi\n# This output is used by Xcode 'outputs' to avoid re-running this script phase.\necho \"SUCCESS\" > \"${SCRIPT_OUTPUT_FILE_0}\"\n";
			showEnvVarsInLog = 0;
		};
		FD10A7F022414F080027D42C /* Start Packager */ = {
			isa = PBXShellScriptBuildPhase;
			buildActionMask = 2147483647;
			files = (
			);
			inputFileListPaths = (
			);
			inputPaths = (
			);
			name = "Start Packager";
			outputFileListPaths = (
			);
			outputPaths = (
			);
			runOnlyForDeploymentPostprocessing = 0;
			shellPath = /bin/sh;
			shellScript = "export RCT_METRO_PORT=\"${RCT_METRO_PORT:=8081}\"\necho \"export RCT_METRO_PORT=${RCT_METRO_PORT}\" > \"${SRCROOT}/../node_modules/react-native/scripts/.packager.env\"\nif [ -z \"${RCT_NO_LAUNCH_PACKAGER+xxx}\" ] ; then\n  if nc -w 5 -z localhost ${RCT_METRO_PORT} ; then\n    if ! curl -s \"http://localhost:${RCT_METRO_PORT}/status\" | grep -q \"packager-status:running\" ; then\n      echo \"Port ${RCT_METRO_PORT} already in use, packager is either not running or not running correctly\"\n      exit 2\n    fi\n  else\n    open \"$SRCROOT/../node_modules/react-native/scripts/launchPackager.command\" || echo \"Can't start packager automatically\"\n  fi\nfi\n";
			showEnvVarsInLog = 0;
		};
		FD10A7F122414F3F0027D42C /* Start Packager */ = {
			isa = PBXShellScriptBuildPhase;
			buildActionMask = 2147483647;
			files = (
			);
			inputFileListPaths = (
			);
			inputPaths = (
			);
			name = "Start Packager";
			outputFileListPaths = (
			);
			outputPaths = (
			);
			runOnlyForDeploymentPostprocessing = 0;
			shellPath = /bin/sh;
			shellScript = "export RCT_METRO_PORT=\"${RCT_METRO_PORT:=8081}\"\necho \"export RCT_METRO_PORT=${RCT_METRO_PORT}\" > \"${SRCROOT}/../node_modules/react-native/scripts/.packager.env\"\nif [ -z \"${RCT_NO_LAUNCH_PACKAGER+xxx}\" ] ; then\n  if nc -w 5 -z localhost ${RCT_METRO_PORT} ; then\n    if ! curl -s \"http://localhost:${RCT_METRO_PORT}/status\" | grep -q \"packager-status:running\" ; then\n      echo \"Port ${RCT_METRO_PORT} already in use, packager is either not running or not running correctly\"\n      exit 2\n    fi\n  else\n    open \"$SRCROOT/../node_modules/react-native/scripts/launchPackager.command\" || echo \"Can't start packager automatically\"\n  fi\nfi\n";
			showEnvVarsInLog = 0;
		};
/* End PBXShellScriptBuildPhase section */

/* Begin PBXSourcesBuildPhase section */
		00E356EA1AD99517003FC87E /* Sources */ = {
			isa = PBXSourcesBuildPhase;
			buildActionMask = 2147483647;
			files = (
				00E356F31AD99517003FC87E /* mephistophelesTests.m in Sources */,
			);
			runOnlyForDeploymentPostprocessing = 0;
		};
		13B07F871A680F5B00A75B9A /* Sources */ = {
			isa = PBXSourcesBuildPhase;
			buildActionMask = 2147483647;
			files = (
				13B07FBC1A68108700A75B9A /* AppDelegate.m in Sources */,
				13B07FC11A68108700A75B9A /* main.m in Sources */,
			);
			runOnlyForDeploymentPostprocessing = 0;
		};
		2D02E4771E0B4A5D006451C7 /* Sources */ = {
			isa = PBXSourcesBuildPhase;
			buildActionMask = 2147483647;
			files = (
				2D02E4BF1E0B4AB3006451C7 /* main.m in Sources */,
				2D02E4BC1E0B4A80006451C7 /* AppDelegate.m in Sources */,
			);
			runOnlyForDeploymentPostprocessing = 0;
		};
		2D02E48C1E0B4A5D006451C7 /* Sources */ = {
			isa = PBXSourcesBuildPhase;
			buildActionMask = 2147483647;
			files = (
				2DCD954D1E0B4F2C00145EB5 /* mephistophelesTests.m in Sources */,
			);
			runOnlyForDeploymentPostprocessing = 0;
		};
/* End PBXSourcesBuildPhase section */

/* Begin PBXTargetDependency section */
		00E356F51AD99517003FC87E /* PBXTargetDependency */ = {
			isa = PBXTargetDependency;
			target = 13B07F861A680F5B00A75B9A /* mephistopheles */;
			targetProxy = 00E356F41AD99517003FC87E /* PBXContainerItemProxy */;
		};
		2D02E4921E0B4A5D006451C7 /* PBXTargetDependency */ = {
			isa = PBXTargetDependency;
			target = 2D02E47A1E0B4A5D006451C7 /* mephistopheles-tvOS */;
			targetProxy = 2D02E4911E0B4A5D006451C7 /* PBXContainerItemProxy */;
		};
/* End PBXTargetDependency section */

/* Begin PBXVariantGroup section */
		13B07FB11A68108700A75B9A /* LaunchScreen.xib */ = {
			isa = PBXVariantGroup;
			children = (
				13B07FB21A68108700A75B9A /* Base */,
			);
			name = LaunchScreen.xib;
			path = mephistopheles;
			sourceTree = "<group>";
		};
/* End PBXVariantGroup section */

/* Begin XCBuildConfiguration section */
		00E356F61AD99517003FC87E /* Debug */ = {
			isa = XCBuildConfiguration;
			baseConfigurationReference = AC0CEF90516A379963BDFCED /* Pods-mephistophelesTests.debug.xcconfig */;
			buildSettings = {
				BUNDLE_LOADER = "$(TEST_HOST)";
				GCC_PREPROCESSOR_DEFINITIONS = (
					"DEBUG=1",
					"$(inherited)",
				);
				INFOPLIST_FILE = mephistophelesTests/Info.plist;
				IPHONEOS_DEPLOYMENT_TARGET = 9.0;
				LD_RUNPATH_SEARCH_PATHS = "$(inherited) @executable_path/Frameworks @loader_path/Frameworks";
				OTHER_LDFLAGS = (
					"-ObjC",
					"-lc++",
					"$(inherited)",
				);
				PRODUCT_BUNDLE_IDENTIFIER = "org.reactjs.native.example.$(PRODUCT_NAME:rfc1034identifier)";
				PRODUCT_NAME = "$(TARGET_NAME)";
				TEST_HOST = "$(BUILT_PRODUCTS_DIR)/mephistopheles.app/mephistopheles";
			};
			name = Debug;
		};
		00E356F71AD99517003FC87E /* Release */ = {
			isa = XCBuildConfiguration;
			baseConfigurationReference = FF982CB45CE5724E94D489A5 /* Pods-mephistophelesTests.release.xcconfig */;
			buildSettings = {
				BUNDLE_LOADER = "$(TEST_HOST)";
				COPY_PHASE_STRIP = NO;
				INFOPLIST_FILE = mephistophelesTests/Info.plist;
				IPHONEOS_DEPLOYMENT_TARGET = 9.0;
				LD_RUNPATH_SEARCH_PATHS = "$(inherited) @executable_path/Frameworks @loader_path/Frameworks";
				OTHER_LDFLAGS = (
					"-ObjC",
					"-lc++",
					"$(inherited)",
				);
				PRODUCT_BUNDLE_IDENTIFIER = "org.reactjs.native.example.$(PRODUCT_NAME:rfc1034identifier)";
				PRODUCT_NAME = "$(TARGET_NAME)";
				TEST_HOST = "$(BUILT_PRODUCTS_DIR)/mephistopheles.app/mephistopheles";
			};
			name = Release;
		};
		13B07F941A680F5B00A75B9A /* Debug */ = {
			isa = XCBuildConfiguration;
			baseConfigurationReference = AA18F853F497DCB0744F3365 /* Pods-mephistopheles.debug.xcconfig */;
			buildSettings = {
				ASSETCATALOG_COMPILER_APPICON_NAME = AppIcon;
				CURRENT_PROJECT_VERSION = 1;
				DEAD_CODE_STRIPPING = NO;
				DEVELOPMENT_TEAM = 3XPPAMF6K7;
				INFOPLIST_FILE = mephistopheles/Info.plist;
				LD_RUNPATH_SEARCH_PATHS = "$(inherited) @executable_path/Frameworks";
				OTHER_LDFLAGS = (
					"$(inherited)",
					"-ObjC",
					"-lc++",
				);
				PRODUCT_BUNDLE_IDENTIFIER = com.prismslight.fa0001;
				PRODUCT_NAME = mephistopheles;
				VERSIONING_SYSTEM = "apple-generic";
			};
			name = Debug;
		};
		13B07F951A680F5B00A75B9A /* Release */ = {
			isa = XCBuildConfiguration;
			baseConfigurationReference = 8BA96478F06932804F50868A /* Pods-mephistopheles.release.xcconfig */;
			buildSettings = {
				ASSETCATALOG_COMPILER_APPICON_NAME = AppIcon;
				CURRENT_PROJECT_VERSION = 1;
				DEVELOPMENT_TEAM = 3XPPAMF6K7;
				INFOPLIST_FILE = mephistopheles/Info.plist;
				LD_RUNPATH_SEARCH_PATHS = "$(inherited) @executable_path/Frameworks";
				OTHER_LDFLAGS = (
					"$(inherited)",
					"-ObjC",
					"-lc++",
				);
				PRODUCT_BUNDLE_IDENTIFIER = com.prismslight.fa0001;
				PRODUCT_NAME = mephistopheles;
				VERSIONING_SYSTEM = "apple-generic";
			};
			name = Release;
		};
		2D02E4971E0B4A5E006451C7 /* Debug */ = {
			isa = XCBuildConfiguration;
			baseConfigurationReference = 2A661B8B25BB606D1EC3B28D /* Pods-mephistopheles-tvOS.debug.xcconfig */;
			buildSettings = {
				ASSETCATALOG_COMPILER_APPICON_NAME = "App Icon & Top Shelf Image";
				ASSETCATALOG_COMPILER_LAUNCHIMAGE_NAME = LaunchImage;
				CLANG_ANALYZER_NONNULL = YES;
				CLANG_WARN_DOCUMENTATION_COMMENTS = YES;
				CLANG_WARN_INFINITE_RECURSION = YES;
				CLANG_WARN_SUSPICIOUS_MOVE = YES;
				DEBUG_INFORMATION_FORMAT = dwarf;
				ENABLE_TESTABILITY = YES;
				GCC_NO_COMMON_BLOCKS = YES;
				INFOPLIST_FILE = "mephistopheles-tvOS/Info.plist";
				LD_RUNPATH_SEARCH_PATHS = "$(inherited) @executable_path/Frameworks";
				OTHER_LDFLAGS = (
					"$(inherited)",
					"-ObjC",
					"-lc++",
				);
				PRODUCT_BUNDLE_IDENTIFIER = "com.facebook.REACT.mephistopheles-tvOS";
				PRODUCT_NAME = "$(TARGET_NAME)";
				SDKROOT = appletvos;
				TARGETED_DEVICE_FAMILY = 3;
				TVOS_DEPLOYMENT_TARGET = 9.2;
			};
			name = Debug;
		};
		2D02E4981E0B4A5E006451C7 /* Release */ = {
			isa = XCBuildConfiguration;
			baseConfigurationReference = 9887D93557CE304C194AE914 /* Pods-mephistopheles-tvOS.release.xcconfig */;
			buildSettings = {
				ASSETCATALOG_COMPILER_APPICON_NAME = "App Icon & Top Shelf Image";
				ASSETCATALOG_COMPILER_LAUNCHIMAGE_NAME = LaunchImage;
				CLANG_ANALYZER_NONNULL = YES;
				CLANG_WARN_DOCUMENTATION_COMMENTS = YES;
				CLANG_WARN_INFINITE_RECURSION = YES;
				CLANG_WARN_SUSPICIOUS_MOVE = YES;
				COPY_PHASE_STRIP = NO;
				DEBUG_INFORMATION_FORMAT = "dwarf-with-dsym";
				GCC_NO_COMMON_BLOCKS = YES;
				INFOPLIST_FILE = "mephistopheles-tvOS/Info.plist";
				LD_RUNPATH_SEARCH_PATHS = "$(inherited) @executable_path/Frameworks";
				OTHER_LDFLAGS = (
					"$(inherited)",
					"-ObjC",
					"-lc++",
				);
				PRODUCT_BUNDLE_IDENTIFIER = "com.facebook.REACT.mephistopheles-tvOS";
				PRODUCT_NAME = "$(TARGET_NAME)";
				SDKROOT = appletvos;
				TARGETED_DEVICE_FAMILY = 3;
				TVOS_DEPLOYMENT_TARGET = 9.2;
			};
			name = Release;
		};
		2D02E4991E0B4A5E006451C7 /* Debug */ = {
			isa = XCBuildConfiguration;
			baseConfigurationReference = 007F06368DB702D6788591EE /* Pods-mephistopheles-tvOSTests.debug.xcconfig */;
			buildSettings = {
				BUNDLE_LOADER = "$(TEST_HOST)";
				CLANG_ANALYZER_NONNULL = YES;
				CLANG_WARN_DOCUMENTATION_COMMENTS = YES;
				CLANG_WARN_INFINITE_RECURSION = YES;
				CLANG_WARN_SUSPICIOUS_MOVE = YES;
				DEBUG_INFORMATION_FORMAT = dwarf;
				ENABLE_TESTABILITY = YES;
				GCC_NO_COMMON_BLOCKS = YES;
				INFOPLIST_FILE = "mephistopheles-tvOSTests/Info.plist";
				LD_RUNPATH_SEARCH_PATHS = "$(inherited) @executable_path/Frameworks @loader_path/Frameworks";
				OTHER_LDFLAGS = (
					"$(inherited)",
					"-ObjC",
					"-lc++",
				);
				PRODUCT_BUNDLE_IDENTIFIER = "com.facebook.REACT.mephistopheles-tvOSTests";
				PRODUCT_NAME = "$(TARGET_NAME)";
				SDKROOT = appletvos;
				TEST_HOST = "$(BUILT_PRODUCTS_DIR)/mephistopheles-tvOS.app/mephistopheles-tvOS";
				TVOS_DEPLOYMENT_TARGET = 10.1;
			};
			name = Debug;
		};
		2D02E49A1E0B4A5E006451C7 /* Release */ = {
			isa = XCBuildConfiguration;
			baseConfigurationReference = 72D95C545CB3F2E92A6BAC27 /* Pods-mephistopheles-tvOSTests.release.xcconfig */;
			buildSettings = {
				BUNDLE_LOADER = "$(TEST_HOST)";
				CLANG_ANALYZER_NONNULL = YES;
				CLANG_WARN_DOCUMENTATION_COMMENTS = YES;
				CLANG_WARN_INFINITE_RECURSION = YES;
				CLANG_WARN_SUSPICIOUS_MOVE = YES;
				COPY_PHASE_STRIP = NO;
				DEBUG_INFORMATION_FORMAT = "dwarf-with-dsym";
				GCC_NO_COMMON_BLOCKS = YES;
				INFOPLIST_FILE = "mephistopheles-tvOSTests/Info.plist";
				LD_RUNPATH_SEARCH_PATHS = "$(inherited) @executable_path/Frameworks @loader_path/Frameworks";
				OTHER_LDFLAGS = (
					"$(inherited)",
					"-ObjC",
					"-lc++",
				);
				PRODUCT_BUNDLE_IDENTIFIER = "com.facebook.REACT.mephistopheles-tvOSTests";
				PRODUCT_NAME = "$(TARGET_NAME)";
				SDKROOT = appletvos;
				TEST_HOST = "$(BUILT_PRODUCTS_DIR)/mephistopheles-tvOS.app/mephistopheles-tvOS";
				TVOS_DEPLOYMENT_TARGET = 10.1;
			};
			name = Release;
		};
		83CBBA201A601CBA00E9B192 /* Debug */ = {
			isa = XCBuildConfiguration;
			buildSettings = {
				ALWAYS_SEARCH_USER_PATHS = NO;
				CLANG_CXX_LANGUAGE_STANDARD = "gnu++0x";
				CLANG_CXX_LIBRARY = "libc++";
				CLANG_ENABLE_MODULES = YES;
				CLANG_ENABLE_OBJC_ARC = YES;
				CLANG_WARN_BLOCK_CAPTURE_AUTORELEASING = YES;
				CLANG_WARN_BOOL_CONVERSION = YES;
				CLANG_WARN_COMMA = YES;
				CLANG_WARN_CONSTANT_CONVERSION = YES;
				CLANG_WARN_DEPRECATED_OBJC_IMPLEMENTATIONS = YES;
				CLANG_WARN_DIRECT_OBJC_ISA_USAGE = YES_ERROR;
				CLANG_WARN_EMPTY_BODY = YES;
				CLANG_WARN_ENUM_CONVERSION = YES;
				CLANG_WARN_INFINITE_RECURSION = YES;
				CLANG_WARN_INT_CONVERSION = YES;
				CLANG_WARN_NON_LITERAL_NULL_CONVERSION = YES;
				CLANG_WARN_OBJC_IMPLICIT_RETAIN_SELF = YES;
				CLANG_WARN_OBJC_LITERAL_CONVERSION = YES;
				CLANG_WARN_OBJC_ROOT_CLASS = YES_ERROR;
				CLANG_WARN_RANGE_LOOP_ANALYSIS = YES;
				CLANG_WARN_STRICT_PROTOTYPES = YES;
				CLANG_WARN_SUSPICIOUS_MOVE = YES;
				CLANG_WARN_UNREACHABLE_CODE = YES;
				CLANG_WARN__DUPLICATE_METHOD_MATCH = YES;
				"CODE_SIGN_IDENTITY[sdk=iphoneos*]" = "iPhone Developer";
				COPY_PHASE_STRIP = NO;
				ENABLE_STRICT_OBJC_MSGSEND = YES;
				ENABLE_TESTABILITY = YES;
				GCC_C_LANGUAGE_STANDARD = gnu99;
				GCC_DYNAMIC_NO_PIC = NO;
				GCC_NO_COMMON_BLOCKS = YES;
				GCC_OPTIMIZATION_LEVEL = 0;
				GCC_PREPROCESSOR_DEFINITIONS = (
					"DEBUG=1",
					"$(inherited)",
				);
				GCC_SYMBOLS_PRIVATE_EXTERN = NO;
				GCC_WARN_64_TO_32_BIT_CONVERSION = YES;
				GCC_WARN_ABOUT_RETURN_TYPE = YES_ERROR;
				GCC_WARN_UNDECLARED_SELECTOR = YES;
				GCC_WARN_UNINITIALIZED_AUTOS = YES_AGGRESSIVE;
				GCC_WARN_UNUSED_FUNCTION = YES;
				GCC_WARN_UNUSED_VARIABLE = YES;
				IPHONEOS_DEPLOYMENT_TARGET = 9.0;
				MTL_ENABLE_DEBUG_INFO = YES;
				ONLY_ACTIVE_ARCH = YES;
				SDKROOT = iphoneos;
			};
			name = Debug;
		};
		83CBBA211A601CBA00E9B192 /* Release */ = {
			isa = XCBuildConfiguration;
			buildSettings = {
				ALWAYS_SEARCH_USER_PATHS = NO;
				CLANG_CXX_LANGUAGE_STANDARD = "gnu++0x";
				CLANG_CXX_LIBRARY = "libc++";
				CLANG_ENABLE_MODULES = YES;
				CLANG_ENABLE_OBJC_ARC = YES;
				CLANG_WARN_BLOCK_CAPTURE_AUTORELEASING = YES;
				CLANG_WARN_BOOL_CONVERSION = YES;
				CLANG_WARN_COMMA = YES;
				CLANG_WARN_CONSTANT_CONVERSION = YES;
				CLANG_WARN_DEPRECATED_OBJC_IMPLEMENTATIONS = YES;
				CLANG_WARN_DIRECT_OBJC_ISA_USAGE = YES_ERROR;
				CLANG_WARN_EMPTY_BODY = YES;
				CLANG_WARN_ENUM_CONVERSION = YES;
				CLANG_WARN_INFINITE_RECURSION = YES;
				CLANG_WARN_INT_CONVERSION = YES;
				CLANG_WARN_NON_LITERAL_NULL_CONVERSION = YES;
				CLANG_WARN_OBJC_IMPLICIT_RETAIN_SELF = YES;
				CLANG_WARN_OBJC_LITERAL_CONVERSION = YES;
				CLANG_WARN_OBJC_ROOT_CLASS = YES_ERROR;
				CLANG_WARN_RANGE_LOOP_ANALYSIS = YES;
				CLANG_WARN_STRICT_PROTOTYPES = YES;
				CLANG_WARN_SUSPICIOUS_MOVE = YES;
				CLANG_WARN_UNREACHABLE_CODE = YES;
				CLANG_WARN__DUPLICATE_METHOD_MATCH = YES;
				"CODE_SIGN_IDENTITY[sdk=iphoneos*]" = "iPhone Developer";
				COPY_PHASE_STRIP = YES;
				ENABLE_NS_ASSERTIONS = NO;
				ENABLE_STRICT_OBJC_MSGSEND = YES;
				GCC_C_LANGUAGE_STANDARD = gnu99;
				GCC_NO_COMMON_BLOCKS = YES;
				GCC_WARN_64_TO_32_BIT_CONVERSION = YES;
				GCC_WARN_ABOUT_RETURN_TYPE = YES_ERROR;
				GCC_WARN_UNDECLARED_SELECTOR = YES;
				GCC_WARN_UNINITIALIZED_AUTOS = YES_AGGRESSIVE;
				GCC_WARN_UNUSED_FUNCTION = YES;
				GCC_WARN_UNUSED_VARIABLE = YES;
				IPHONEOS_DEPLOYMENT_TARGET = 9.0;
				MTL_ENABLE_DEBUG_INFO = NO;
				SDKROOT = iphoneos;
				VALIDATE_PRODUCT = YES;
			};
			name = Release;
		};
/* End XCBuildConfiguration section */

/* Begin XCConfigurationList section */
		00E357021AD99517003FC87E /* Build configuration list for PBXNativeTarget "mephistophelesTests" */ = {
			isa = XCConfigurationList;
			buildConfigurations = (
				00E356F61AD99517003FC87E /* Debug */,
				00E356F71AD99517003FC87E /* Release */,
			);
			defaultConfigurationIsVisible = 0;
			defaultConfigurationName = Release;
		};
		13B07F931A680F5B00A75B9A /* Build configuration list for PBXNativeTarget "mephistopheles" */ = {
			isa = XCConfigurationList;
			buildConfigurations = (
				13B07F941A680F5B00A75B9A /* Debug */,
				13B07F951A680F5B00A75B9A /* Release */,
			);
			defaultConfigurationIsVisible = 0;
			defaultConfigurationName = Release;
		};
		2D02E4BA1E0B4A5E006451C7 /* Build configuration list for PBXNativeTarget "mephistopheles-tvOS" */ = {
			isa = XCConfigurationList;
			buildConfigurations = (
				2D02E4971E0B4A5E006451C7 /* Debug */,
				2D02E4981E0B4A5E006451C7 /* Release */,
			);
			defaultConfigurationIsVisible = 0;
			defaultConfigurationName = Release;
		};
		2D02E4BB1E0B4A5E006451C7 /* Build configuration list for PBXNativeTarget "mephistopheles-tvOSTests" */ = {
			isa = XCConfigurationList;
			buildConfigurations = (
				2D02E4991E0B4A5E006451C7 /* Debug */,
				2D02E49A1E0B4A5E006451C7 /* Release */,
			);
			defaultConfigurationIsVisible = 0;
			defaultConfigurationName = Release;
		};
		83CBB9FA1A601CBA00E9B192 /* Build configuration list for PBXProject "mephistopheles" */ = {
			isa = XCConfigurationList;
			buildConfigurations = (
				83CBBA201A601CBA00E9B192 /* Debug */,
				83CBBA211A601CBA00E9B192 /* Release */,
			);
			defaultConfigurationIsVisible = 0;
			defaultConfigurationName = Release;
		};
/* End XCConfigurationList section */
	};
	rootObject = 83CBB9F71A601CBA00E9B192 /* Project object */;
}
